<?xml version="1.0" encoding="utf-8"?>
<Project ToolsVersion="4.0" xmlns="http://schemas.microsoft.com/developer/msbuild/2003">
  <ItemGroup>
    <Filter Include="Source Files">
      <UniqueIdentifier>{4FC737F1-C7A5-4376-A066-2A32D752A2FF}</UniqueIdentifier>
      <Extensions>cpp;c;cc;cxx;def;odl;idl;hpj;bat;asm;asmx</Extensions>
    </Filter>
    <Filter Include="Header Files">
      <UniqueIdentifier>{93995380-89BD-4b04-88EB-625FBE52EBFB}</UniqueIdentifier>
      <Extensions>h;hh;hpp;hxx;hm;inl;inc;xsd</Extensions>
    </Filter>
    <Filter Include="Resource Files">
      <UniqueIdentifier>{67DA6AB6-F800-4c08-8B7A-83BB121AAD01}</UniqueIdentifier>
      <Extensions>rc;ico;cur;bmp;dlg;rc2;rct;bin;rgs;gif;jpg;jpeg;jpe;resx;tiff;tif;png;wav</Extensions>
    </Filter>
  </ItemGroup>
  <ItemGroup>
    <ClCompile Include="example\fourth_power.cpp">
      <Filter>Source Files</Filter>
    </ClCompile>
    <ClCompile Include="example\mixed_partials.cpp">
      <Filter>Source Files</Filter>
    </ClCompile>
    <ClCompile Include="example\multiprecision.cpp">
      <Filter>Source Files</Filter>
    </ClCompile>
    <ClCompile Include="test\test_autodiff.cpp">
      <Filter>Source Files</Filter>
    </ClCompile>
  </ItemGroup>
  <ItemGroup>
    <ClInclude Include="include\boost\math\autodiff.hpp">
      <Filter>Header Files</Filter>
    </ClInclude>
  </ItemGroup>
  <ItemGroup>
    <None Include="index.html" />
    <None Include="doc\html\annotated.html" />
    <None Include="doc\html\autodiff_8hpp_source.html" />
    <None Include="doc\html\classboost_1_1math_1_1autodiff_1_1v1_1_1dimension-members.html" />
    <None Include="doc\html\classboost_1_1math_1_1autodiff_1_1v1_1_1dimension.html" />
    <None Include="doc\html\classes.html" />
    <None Include="doc\html\classstd_1_1numeric__limits_3_01boost_1_1math_1_1autodiff_1_1dimension_3_01RealType_00_01Order_01_4_01_4.html" />
    <None Include="doc\html\dir_1878a3f4746a95c6aad317458cc7ef80.html" />
    <None Include="doc\html\dir_50539f0d3d76edffac66b61a32cf9730.html" />
    <None Include="doc\html\dir_d44c64559bbebec7f509842c48db8b23.html" />
    <None Include="doc\html\files.html" />
    <None Include="doc\html\hierarchy.html" />
    <None Include="doc\html\index.html" />
    <None Include="doc\html\structboost_1_1math_1_1autodiff_1_1v1_1_1is__dimension.html" />
    <None Include="doc\html\structboost_1_1math_1_1autodiff_1_1v1_1_1is__dimension_3_01dimension_3_01RealType_00_01Order_01_4_01_4.html" />
    <None Include="doc\html\structboost_1_1math_1_1autodiff_1_1v1_1_1nested__dimensions-members.html" />
    <None Include="doc\html\structboost_1_1math_1_1autodiff_1_1v1_1_1nested__dimensions.html" />
    <None Include="doc\html\structboost_1_1math_1_1autodiff_1_1v1_1_1nested__dimensions_3_01RealType_00_01Order_01_4-members.html" />
    <None Include="doc\html\structboost_1_1math_1_1autodiff_1_1v1_1_1nested__dimensions_3_01RealType_00_01Order_01_4.html" />
    <None Include="doc\html\structboost_1_1math_1_1autodiff_1_1v1_1_1root__type__finder-members.html" />
    <None Include="doc\html\structboost_1_1math_1_1autodiff_1_1v1_1_1root__type__finder.html" />
    <None Include="doc\html\structboost_1_1math_1_1autodiff_1_1v1_1_1root__type__finder_3_01dimension_3_01RealType_00_01Order_01_4_01_4-members.html" />
    <None Include="doc\html\structboost_1_1math_1_1autodiff_1_1v1_1_1root__type__finder_3_01dimension_3_01RealType_00_01Order_01_4_01_4.html" />
    <None Include="doc\html\structboost_1_1math_1_1autodiff_1_1v1_1_1type__at-members.html" />
    <None Include="doc\html\structboost_1_1math_1_1autodiff_1_1v1_1_1type__at.html" />
    <None Include="doc\html\structboost_1_1math_1_1autodiff_1_1v1_1_1type__at_3_01dimension_3_01RealType_00_01Order_01_4_00_01Depth_01_4-members.html" />
    <None Include="doc\html\structboost_1_1math_1_1autodiff_1_1v1_1_1type__at_3_01dimension_3_01RealType_00_01Order_01_4_00_01Depth_01_4.html" />
    <None Include="doc\html\structboost_1_1math_1_1tools_1_1promote__args__2_3_01autodiff_1_1dimension_3_01RealType0_00_01Or150144c7b56ff1835539d99a2dfb00a5.html" />
    <None Include="doc\html\structboost_1_1math_1_1tools_1_1promote__args__2_3_01autodiff_1_1dimension_3_01RealType0_00_01Or7fb7384f2d103654e8762ca88a412c3b.html" />
    <None Include="doc\html\structboost_1_1math_1_1tools_1_1promote__args__2_3_01autodiff_1_1dimension_3_01RealType0_00_01Or9a15357e898a6c3107fe3108e188308f.html" />
    <None Include="doc\html\structboost_1_1math_1_1tools_1_1promote__args__2_3_01autodiff_1_1dimension_3_01RealType0_00_01Order0_01_4_00_01RealType1_01_4.html" />
    <None Include="doc\html\structboost_1_1math_1_1tools_1_1promote__args__2_3_01RealType0_00_01autodiff_1_1dimension_3_01RealType1_00_01Order1_01_4_01_4.html" />
    <None Include="doc\html\structboost_1_1math_1_1tools_1_1promote__args__2_3_01RealType0_00_01autodiff_1_1dimension_3_01Ree78b5ef41b3125a4c1fd8b5b4f155f14.html" />
    <None Include="doc\html\search\all_0.html" />
    <None Include="doc\html\search\all_1.html" />
    <None Include="doc\html\search\all_2.html" />
    <None Include="doc\html\search\all_3.html" />
    <None Include="doc\html\search\all_4.html" />
    <None Include="doc\html\search\all_5.html" />
    <None Include="doc\html\search\classes_0.html" />
    <None Include="doc\html\search\classes_1.html" />
    <None Include="doc\html\search\classes_2.html" />
    <None Include="doc\html\search\classes_3.html" />
    <None Include="doc\html\search\classes_4.html" />
    <None Include="doc\html\search\classes_5.html" />
    <None Include="doc\html\search\nomatches.html" />
  </ItemGroup>
</Project>